lockfileVersion: '9.0'

settings:
  autoInstallPeers: true
  excludeLinksFromLockfile: false

importers:

  .:
    dependencies:
      '@faker-js/faker':
        specifier: ^9.9.0
        version: 9.9.0
    devDependencies:
      '@tsconfig/strictest':
        specifier: ^2.0.8
        version: 2.0.8
      expect-type:
        specifier: ^1.3.0
        version: 1.3.0
      typescript:
        specifier: ^5.9.3
        version: 5.9.3

packages:

  '@faker-js/faker@9.9.0':
    resolution: {integrity: sha512-OEl393iCOoo/z8bMezRlJu+GlRGlsKbUAN7jKB6LhnKoqKve5DXRpalbItIIcwnCjs1k/FOPjFzcA6Qn+H+YbA==}
    engines: {node: '>=18.0.0', npm: '>=9.0.0'}

  '@tsconfig/strictest@2.0.8':
    resolution: {integrity: sha512-XnQ7vNz5HRN0r88GYf1J9JJjqtZPiHt2woGJOo2dYqyHGGcd6OLGqSlBB6p1j9mpzja6Oe5BoPqWmeDx6X9rLw==}

  expect-type@1.3.0:
    resolution: {integrity: sha512-knvyeauYhqjOYvQ66MznSMs83wmHrCycNEN6Ao+2AeYEfxUIkuiVxdEa1qlGEPK+We3n0THiDciYSsCcgW/DoA==}
    engines: {node: '>=12.0.0'}

  typescript@5.9.3:
    resolution: {integrity: sha512-jl1vZzPDinLr9eUt3J/t7V6FgNEw9QjvBPdysz9KfQDD41fQrC2Y4vKQdiaUpFT4bXlb1RHhLpp8wtm6M5TgSw==}
    engines: {node: '>=14.17'}
    hasBin: true

snapshots:

  '@faker-js/faker@9.9.0': {}

  '@tsconfig/strictest@2.0.8': {}

  expect-type@1.3.0: {}

  typescript@5.9.3: {}
