lockfileVersion: '9.0'

settings:
  autoInstallPeers: true
  excludeLinksFromLockfile: false

importers:

  .:
    dependencies:
      common:
        specifier: link:../../../common
        version: link:../../../common
      marko:
        specifier: ^6.3.34
        version: 6.3.34
    devDependencies:
      '@marko/compiler':
        specifier: ^5.41.18
        version: 5.41.18
      '@marko/vite':
        specifier: ^6.1.9
        version: 6.1.9(@marko/compiler@5.41.18)(vite@8.2.1)
      vite:
        specifier: ^8.1.1
        version: 8.2.1

packages:

  '@chialab/estransform@0.19.1':
    resolution: {integrity: sha512-Op0TvQxnzdcnBriFUIjgg3V3MpOB9Cfs4S7TvIuypPegFOSvuFAOcPl5V02NJ9dyGoOc8W6ORbSldc5PYKhOCQ==}
    engines: {node: '>=18'}

  '@jridgewell/sourcemap-codec@1.5.5':
    resolution: {integrity: sha512-cYQ9310grqxueWbl+WuIUIaiUaDcj7WOq5fVhEljNVgRfOUhY9fy2zTvfoqWsnebh8Sl70VScFbICvJnLKB0Og==}

  '@luxass/strip-json-comments@2.0.1':
    resolution: {integrity: sha512-y0rBJcC8idzWD8qnBOXuTAOG/Fudu0reZs/6INyn6aPxCyvk484x9Ib2TAnJtsol2A6IaQB4kmxBSZlR0Crf0g==}
    engines: {node: '>=20'}

  '@marko/compiler@5.41.18':
    resolution: {integrity: sha512-iNJEmlW+on3jniIZ6Ps0LDTy3wvPmmnVz5DAh+/TIodzvYeMUVWrzdweqd6+WnA4ty/XdTmrU2v9WtUemy5FPA==}
    engines: {node: '>=22'}

  '@marko/vite@6.1.9':
    resolution: {integrity: sha512-ozJjVNe6988rWuNwYJf5+aWFO9iPkz5I6nIz7iK8fCrJq8KEHd7InMdovGaeKFf+mb0VZBWEH9WjbNqUoBQZlg==}
    peerDependencies:
      '@marko/compiler': ^5
      vite: ^8

  '@napi-rs/magic-string-android-arm-eabi@0.3.4':
    resolution: {integrity: sha512-sszAYxqtzzJ4FDerDNHcqL9NhqPhj8W4DNiOanXYy50mA5oojlRtaAFPiB5ZMrWDBM32v5Q30LrmxQ4eTtu2Dg==}
    engines: {node: '>= 10'}
    cpu: [arm]
    os: [android]

  '@napi-rs/magic-string-android-arm64@0.3.4':
    resolution: {integrity: sha512-jdQ6HuO0X5rkX4MauTcWR4HWdgjakTOmmzqXg8L26+jOHVVG1LZE+Su5qvV4bP8vMb2h+vPE+JsnwqSmWymu3Q==}
    engines: {node: '>= 10'}
    cpu: [arm64]
    os: [android]

  '@napi-rs/magic-string-darwin-arm64@0.3.4':
    resolution: {integrity: sha512-6NmMtvURce9/oq09XBZmuIeI6lPLGtEJ2ZPO/QzL3nLZa6wygiCnO/sFACKYNg5/73ET5HMMTeuogE1JI+r2Lw==}
    engines: {node: '>= 10'}
    cpu: [arm64]
    os: [darwin]

  '@napi-rs/magic-string-darwin-x64@0.3.4':
    resolution: {integrity: sha512-f9LmfMiUAKDOtl0meOuLYeVb6OERrgGzrTg1Tn3R3fTAShM2kxRbfAuPE9ljuXxIFzOv/uqRNLSl/LqCJwpREA==}
    engines: {node: '>= 10'}
    cpu: [x64]
    os: [darwin]

  '@napi-rs/magic-string-freebsd-x64@0.3.4':
    resolution: {integrity: sha512-rqduQ4odiDK4QdM45xHWRTU4wtFIfpp8g8QGpz+3qqg7ivldDqbbNOrBaf6Oeu77uuEvWggnkyuChotfKgJdJQ==}
    engines: {node: '>= 10'}
    cpu: [x64]
    os: [freebsd]

  '@napi-rs/magic-string-linux-arm-gnueabihf@0.3.4':
    resolution: {integrity: sha512-pVaJEdEpiPqIfq3M4+yMAATS7Z9muDcWYn8H7GFH1ygh8GwgLgKfy/n/lG2M6zp18Mwd0x7E2E/qg9GgCyUzoQ==}
    engines: {node: '>= 10'}
    cpu: [arm]
    os: [linux]

  '@napi-rs/magic-string-linux-arm64-gnu@0.3.4':
    resolution: {integrity: sha512-9FwoAih/0tzEZx0BjYYIxWkSRMjonIn91RFM3q3MBs/evmThXUYXUqLNa1PPIkK1JoksswtDi48qWWLt8nGflQ==}
    engines: {node: '>= 10'}
    cpu: [arm64]
    os: [linux]

  '@napi-rs/magic-string-linux-arm64-musl@0.3.4':
    resolution: {integrity: sha512-wCR7R+WPOcAKmVQc1s6h6HwfwW1vL9pM8BjUY9Ljkdb8wt1LmZEmV2Sgfc1SfbRQzbyl+pKeufP6adRRQVzYDA==}
    engines: {node: '>= 10'}
    cpu: [arm64]
    os: [linux]

  '@napi-rs/magic-string-linux-x64-gnu@0.3.4':
    resolution: {integrity: sha512-sbxFDpYnt5WFbxQ1xozwOvh5A7IftqSI0WnE9O7KsQIOi0ej2dvFbfOW4tmFkvH/YP8KJELo5AhP2+kEq1DpYA==}
    engines: {node: '>= 10'}
    cpu: [x64]
    os: [linux]

  '@napi-rs/magic-string-linux-x64-musl@0.3.4':
    resolution: {integrity: sha512-jN4h/7e2Ul8v3UK5IZu38NXLMdzVWhY4uEDlnwuUAhwRh26wBQ1/pLD97Uy/Z3dFNBQPcsv60XS9fOM1YDNT6w==}
    engines: {node: '>= 10'}
    cpu: [x64]
    os: [linux]

  '@napi-rs/magic-string-win32-arm64-msvc@0.3.4':
    resolution: {integrity: sha512-gMUyTRHLWpzX2ntJFCbW2Gnla9Y/WUmbkZuW5SBAo/Jo8QojHn76Y4PNgnoXdzcsV9b/45RBxurYKAfFg9WTyg==}
    engines: {node: '>= 10'}
    cpu: [arm64]
    os: [win32]

  '@napi-rs/magic-string-win32-ia32-msvc@0.3.4':
    resolution: {integrity: sha512-QIMauMOvEHgL00K9np/c9CT/CRtLOz3mRTQqcZ9XGzSoAMrpxH71KSpDJrKl7h7Ro6TZ+hJ0C3T+JVuTCZNv4A==}
    engines: {node: '>= 10'}
    cpu: [ia32]
    os: [win32]

  '@napi-rs/magic-string-win32-x64-msvc@0.3.4':
    resolution: {integrity: sha512-V8FMSf828MzOI3P6/765MR7zHU6CUZqiyPhmAnwYoKFNxfv7oCviN/G6NcENeCdcYOvNgh5fYzaNLB96ndId5A==}
    engines: {node: '>= 10'}
    cpu: [x64]
    os: [win32]

  '@napi-rs/magic-string@0.3.4':
    resolution: {integrity: sha512-DEWl/B99RQsyMT3F9bvrXuhL01/eIQp/dtNSE3G1jQ4mTGRcP4iHWxoPZ577WrbjUinrNgvRA5+08g8fkPgimQ==}
    engines: {node: '>= 10'}

  '@nodelib/fs.scandir@2.1.5':
    resolution: {integrity: sha512-vq24Bq3ym5HEQm2NKCr3yXDwjc7vTsEThRDnkp2DK9p1uqLR+DHurm/NOTo0KG7HYHU7eppKZj3MyqYuMBf62g==}
    engines: {node: '>= 8'}

  '@nodelib/fs.stat@2.0.5':
    resolution: {integrity: sha512-RkhPPp2zrqDAQA/2jNhnztcPAlv64XdhIp7a7454A5ovI7Bukxgt7MX7udwAu3zg1DcpPU0rz3VV1SeaqvY4+A==}
    engines: {node: '>= 8'}

  '@nodelib/fs.walk@1.2.8':
    resolution: {integrity: sha512-oGB+UxlgWcgQkgwo8GcEGwemoTFt3FIO9ababBmaGwXIoBKZ+GTy0pP185beGg7Llih/NSHSV2XAs1lnznocSg==}
    engines: {node: '>= 8'}

  '@oxc-parser/binding-darwin-arm64@0.8.0':
    resolution: {integrity: sha512-3Dws5Wzj9efojjqvhS4ZF+Abh0EoiI5ciOE2kdLifMzSg4fnmYAIOktoUnPEo87TNIb4SiFJ5JgPBgEyq42Eow==}
    cpu: [arm64]
    os: [darwin]

  '@oxc-parser/binding-darwin-x64@0.8.0':
    resolution: {integrity: sha512-DAUJ/mfq0Jn2VDYn69bhHTsIWj+aZ/viamexFwaLL7ntkIFmGpzAJZUlWofpY1IRJynKWW+P5AOLYXMllw4qUw==}
    cpu: [x64]
    os: [darwin]

  '@oxc-parser/binding-linux-arm64-gnu@0.8.0':
    resolution: {integrity: sha512-ZHQVey/O4K3zTIKtpfsbtJIE8MPTRHRxgY3dejaoeFQGf9C3HasgF132Yp4zN/jOUx+x8czKPVa/Af40ViyhGQ==}
    cpu: [arm64]
    os: [linux]
    libc: [glibc]

  '@oxc-parser/binding-linux-arm64-musl@0.8.0':
    resolution: {integrity: sha512-Diw+Tnf5v+zAYXzDoSKCZsMaroU6GoqZMS7smfDtFnZYTHWZrsTmPBLUQe7AFiG7O7tkhsCdcWjOYgbVkrSVOA==}
    cpu: [arm64]
    os: [linux]
    libc: [musl]

  '@oxc-parser/binding-linux-x64-gnu@0.8.0':
    resolution: {integrity: sha512-WloqcRrtQUVEP/Sy8ZeEgF0HgBKQjOv3zLFZqbC5ipkerKriGcVbsq3fOIMOi/55AM6/UhIAjeZGnoeco72JjQ==}
    cpu: [x64]
    os: [linux]
    libc: [glibc]

  '@oxc-parser/binding-linux-x64-musl@0.8.0':
    resolution: {integrity: sha512-2j7BD9szwSXTvSj0Q8VE98UHGYvrgZzdLy4EyB0FilhQnopEfz+YV674rWGY2Il1VYxHJwGctrTJHvARolu37g==}
    cpu: [x64]
    os: [linux]
    libc: [musl]

  '@oxc-parser/binding-win32-arm64-msvc@0.8.0':
    resolution: {integrity: sha512-mcomr1og17yCmnwn8Q7CRzrH9Va0HccWe4Ld3/u/elBsw0SEzYGVvECRzCyRglYAbKTtusz7as9Jee0RiMOMmg==}
    cpu: [arm64]
    os: [win32]
    libc: [null]

  '@oxc-parser/binding-win32-x64-msvc@0.8.0':
    resolution: {integrity: sha512-nIBkc1KZOVYUaHT3+U+gM354P3byMAIXMvlmLMbs0kWVRcI4vrzL8qwWpC6QdBQxWKZGqPEqGolv8H4dDYA9nQ==}
    cpu: [x64]
    os: [win32]
    libc: [null]

  '@oxc-project/types@0.143.0':
    resolution: {integrity: sha512-u6JZdLBTLotrNC9Vd6vPssINdzcCzleKAH6EJKImQb7GtYvX5keN2dxkoK44stCc4tffE6QQRtZTXVSzsLUlWA==}

  '@parcel/source-map@2.1.1':
    resolution: {integrity: sha512-Ejx1P/mj+kMjQb8/y5XxDUn4reGdr+WyKYloBljpppUy8gs42T+BNoEOuRYqDVdgPc6NxduzIDoJS9pOFfV5Ew==}
    engines: {node: ^12.18.3 || >=14}

  '@rolldown/binding-android-arm64@1.2.3':
    resolution: {integrity: sha512-zrJtHDcaZJ1Fp7xf4hNl+7seH9Cn/N5TwLYkhgXREtBwAd/jaqW3uqeHxpDugJLVICWg4eW44kOQEGJ1r6jCGw==}
    engines: {node: ^20.19.0 || >=22.12.0}
    cpu: [arm64]
    os: [android]

  '@rolldown/binding-darwin-arm64@1.2.3':
    resolution: {integrity: sha512-ieIiibVCp0tX7TLu2cafoNPv8wJyYi01ekXpbf8q2j7F4rGAhhXb/eQh7ge9DRBY78GwmRQtvjZDux7EDbA8kA==}
    engines: {node: ^20.19.0 || >=22.12.0}
    cpu: [arm64]
    os: [darwin]

  '@rolldown/binding-darwin-x64@1.2.3':
    resolution: {integrity: sha512-Zh9tCon19eDXJoihx0rqKhMUlMYqzwj3aPsSuHmI4RWZh62dWUL+DJN4C5YQya5TcQBJU/Fe8+rY0jhXTQITqA==}
    engines: {node: ^20.19.0 || >=22.12.0}
    cpu: [x64]
    os: [darwin]

  '@rolldown/binding-freebsd-x64@1.2.3':
    resolution: {integrity: sha512-nGbJWewA1wrXXZiQhjAT5rhibGfns5ZNkDVqxsO6zJ3f3YvpoDNNmGMSbbhLuXKjNScaBJVOAboztAWVespQMg==}
    engines: {node: ^20.19.0 || >=22.12.0}
    cpu: [x64]
    os: [freebsd]

  '@rolldown/binding-linux-arm-gnueabihf@1.2.3':
    resolution: {integrity: sha512-QNniJr5Kml0kDEB98jiDOJjXNroxIIi0IXIbdYzY26Xt1pVbeP62+KnoIZLwirOymX/0jDk/2gI/bNUv7A7OIw==}
    engines: {node: ^20.19.0 || >=22.12.0}
    cpu: [arm]
    os: [linux]

  '@rolldown/binding-linux-arm64-gnu@1.2.3':
    resolution: {integrity: sha512-TkqEAcmmvH3I/q4114NB4RVt6241Dao48pF45uLcFGrwAaIn0iITgTAKP/dLjbN0R4buJjGb91+UHSoFmpgIWw==}
    engines: {node: ^20.19.0 || >=22.12.0}
    cpu: [arm64]
    os: [linux]
    libc: [glibc]

  '@rolldown/binding-linux-arm64-musl@1.2.3':
    resolution: {integrity: sha512-NHqjnxpsndf4MPymxteFAWHHfkTL8HjWh1KB7z23ofZ6QO2euONuxDXjat69dKZRALnGypg8k8SsK8vZJoXv1Q==}
    engines: {node: ^20.19.0 || >=22.12.0}
    cpu: [arm64]
    os: [linux]
    libc: [musl]

  '@rolldown/binding-linux-ppc64-gnu@1.2.3':
    resolution: {integrity: sha512-6tbrbwfz5GB9DQ4Jwo6hy9v+vR31xZlvzZ6n5Xut6Hhx5PvrA9q/HsK8KMaYQp063iqZGXwNvZtYNLD7EM/x0w==}
    engines: {node: ^20.19.0 || >=22.12.0}
    cpu: [ppc64]
    os: [linux]
    libc: [glibc]

  '@rolldown/binding-linux-s390x-gnu@1.2.3':
    resolution: {integrity: sha512-oyuXxXmoZHjXC917IAPFAAv4wWAa0cM9afk8nx1+9/jNNOX1uPf8yDA6p7G0RypOfw/X0PQt5IfoquY1um+zSg==}
    engines: {node: ^20.19.0 || >=22.12.0}
    cpu: [s390x]
    os: [linux]
    libc: [glibc]

  '@rolldown/binding-linux-x64-gnu@1.2.3':
    resolution: {integrity: sha512-TytMwF2KVGqP2tgd0I1OY0PAv78dZRAYcF5ssDzjM34SUXCED3uXvSd5+lHoC0bTD6eEdFz7LdQNCO1y0oVk9w==}
    engines: {node: ^20.19.0 || >=22.12.0}
    cpu: [x64]
    os: [linux]
    libc: [glibc]

  '@rolldown/binding-linux-x64-musl@1.2.3':
    resolution: {integrity: sha512-/E9m3qstrJFVPoULV25mVQblSNExY2+kBsYe4sy0Tn0yOOgJ8wZbZt3KnRbF/XeU2Gl1STKUQnDNTqhIE5MD4A==}
    engines: {node: ^20.19.0 || >=22.12.0}
    cpu: [x64]
    os: [linux]
    libc: [musl]

  '@rolldown/binding-openharmony-arm64@1.2.3':
    resolution: {integrity: sha512-Kr0OcsoQI816i6HOl3vFHpd1K0eZyh76zgfj4c1nTyaTsd5r2Mj1lwM4R90y/qaCfmTn9eHy0SKwi98eitRxug==}
    engines: {node: ^20.19.0 || >=22.12.0}
    cpu: [arm64]
    os: [openharmony]

  '@rolldown/binding-win32-arm64-msvc@1.2.3':
    resolution: {integrity: sha512-hOtMwTqnME+/gJcH/PCZ0wn0zPUjiWOgkHpxbSJpfGKMezHltx1S7/k1SitzVa7Ww2cqrDDaFbZEhcJZO8o+Jw==}
    engines: {node: ^20.19.0 || >=22.12.0}
    cpu: [arm64]
    os: [win32]

  '@rolldown/binding-win32-x64-msvc@1.2.3':
    resolution: {integrity: sha512-ekcqMMkI2PlhYnfzQnB/cEdYUVVJViWvoUyLrbzgDoi3Snfc1mVBwdnc306ufA5ejy8JSPjT2RlW1nQSjW7efg==}
    engines: {node: ^20.19.0 || >=22.12.0}
    cpu: [x64]
    os: [win32]

  '@rolldown/pluginutils@1.0.1':
    resolution: {integrity: sha512-2j9bGt5Jh8hj+vPtgzPtl72j0yRxHAyumoo6TNfAjsLB04UtpSvPbPcDcBMxz7n+9CYB0c1GxQFxYRg2jimqGw==}

  anymatch@3.1.3:
    resolution: {integrity: sha512-KMReFUr0B4t+D+OBkjR3KYqvocp2XaSzO55UcB6mgQMd3KbcE+mWTyvVV7D/zsdEbNnV6acZUutkiHQXvTr1Rw==}
    engines: {node: '>= 8'}

  braces@3.0.3:
    resolution: {integrity: sha512-yQbXgO/OSZVD2IsiLlro+7Hf6Q18EJrKSEsdoMzKePKXct3gvD8oLcOQdIzGupr5Fj+EDe8gO/lxc1BzfMpxvA==}
    engines: {node: '>=8'}

  buffer-from@1.1.2:
    resolution: {integrity: sha512-E+XQCRwSbaaiChtv6k6Dwgc+bx+Bs6vuKJHHl5kox/BaKbhiXzqQOwK4cO22yElGp2OCmjwVhT3HmxgyPGnJfQ==}

  cjs-module-lexer@1.4.3:
    resolution: {integrity: sha512-9z8TZaGM1pfswYeXrUpzPrkx8UnWYdhJclsiYMm6x/w5+nN+8Tf/LnAgfLGQCm59qAOxU8WwHEq2vNwF6i4j+Q==}

  complain@1.6.1:
    resolution: {integrity: sha512-WsiVAbAPcPSwyC5k8g/PLceaW0MXJUw61KqBd9uiyDOSuDIC6Ho/EbyhdFjeV6wq44R2g/b8IFpvV/1ZyXiqUQ==}

  csstype@3.2.3:
    resolution: {integrity: sha512-z1HGKcYy2xA8AGQfwrn0PAy+PB7X/GSj3UVJW9qKyn43xWa+gl5nXmU4qqLMRzWVLFC8KusUX8T/0kCiOYpAIQ==}

  detect-libc@1.0.3:
    resolution: {integrity: sha512-pGjwhsmsp4kL2RTz08wcOlGN83otlqHeD/Z5T8GXZB+/YcpQ/dgo+lbU8ZsGxV0HIvqqxo9l7mqYwyYMD9bKDg==}
    engines: {node: '>=0.10'}
    hasBin: true

  detect-libc@2.1.2:
    resolution: {integrity: sha512-Btj2BOOO83o3WyH59e8MgXsxEQVcarkUOpEYrubB0urwnN10yQ364rsiByU11nZlqWYZm05i/of7io4mzihBtQ==}
    engines: {node: '>=8'}

  dom-serializer@2.0.0:
    resolution: {integrity: sha512-wIkAryiqt/nV5EQKqQpo3SToSOV9J0DnbJqwK7Wv/Trc92zIAYZ4FlMu+JPFW1DfGFt81ZTCGgDEabffXeLyJg==}

  domelementtype@2.3.0:
    resolution: {integrity: sha512-OLETBj6w0OsagBwdXnPdN0cnMfF9opN69co+7ZrbfPGrdpPVNBUj02spi6B1N7wChLQiPn4CSH/zJvXw56gmHw==}

  domhandler@5.0.3:
    resolution: {integrity: sha512-cgwlv/1iFQiFnU96XXgROh8xTeetsnJiDsTc7TYCLFd9+/WNkIqPTxiM/8pSd8VIrhXGTf1Ny1q1hquVqDJB5w==}
    engines: {node: '>= 4'}

  domutils@3.2.2:
    resolution: {integrity: sha512-6kZKyUajlDuqlHKVX1w7gyslj9MPIXzIFiz/rGu35uC1wMi+kMhQwGhl4lt9unC9Vb9INnY9Z3/ZA3+FhASLaw==}

  entities@4.5.0:
    resolution: {integrity: sha512-V0hjH4dGPh9Ao5p0MoRY6BVqtwCjhz6vI5LT8AJ55H+4g9/4vbHx1I54fS0XuclLhDHArPQCiMjDxjaL8fPxhw==}
    engines: {node: '>=0.12'}

  entities@7.0.1:
    resolution: {integrity: sha512-TWrgLOFUQTH994YUyl1yT4uyavY5nNB5muff+RtWaqNVCAK408b5ZnnbNAUEWLTCpum9w6arT70i1XdQ4UeOPA==}
    engines: {node: '>=0.12'}

  error-stack-parser@2.1.4:
    resolution: {integrity: sha512-Sk5V6wVazPhq5MhpO+AUxJn5x7XSXGl1R93Vn7i+zS15KDVxQijejNCrz8340/2bgLBjR9GtEG8ZVKONDjcqGQ==}

  es-module-lexer@1.7.0:
    resolution: {integrity: sha512-jEQoCwk8hyb2AZziIOLhDqpm5+2ww5uIE6lkO/6jcOCusfk6LhMHpXXfBLXTZ7Ydyt0j4VoUQv6uGNYbdW+kBA==}

  fast-glob@3.3.3:
    resolution: {integrity: sha512-7MptL8U0cqcFdzIzwOTHoilX9x5BrNqye7Z/LuC7kCMRio1EMSyqRK3BEAUD7sXRq4iT4AzTVuZdhgQ2TCvYLg==}
    engines: {node: '>=8.6.0'}

  fastest-levenshtein@1.0.16:
    resolution: {integrity: sha512-eRnCtTTtGZFpQCwhJiUOuxPQWRXVKYDn0b2PeHfXL6/Zi53SLAzAHfVhVWK2AryC/WH05kGfxhFIPvTF0SXQzg==}
    engines: {node: '>= 4.9.1'}

  fastq@1.20.1:
    resolution: {integrity: sha512-GGToxJ/w1x32s/D2EKND7kTil4n8OVk/9mycTc4VDza13lOvpUZTGX3mFSCtV9ksdGBVzvsyAVLM6mHFThxXxw==}

  fdir@6.5.0:
    resolution: {integrity: sha512-tIbYtZbucOs0BRGqPJkshJUYdL+SDH7dVM8gjy+ERp3WAUjLEFJE+02kanyHtwjWOnwrKYBiwAmM0p4kLJAnXg==}
    engines: {node: '>=12.0.0'}
    peerDependencies:
      picomatch: ^3 || ^4
    peerDependenciesMeta:
      picomatch:
        optional: true

  fill-range@7.1.1:
    resolution: {integrity: sha512-YsGpe3WHLK8ZYi4tWDg2Jy3ebRz2rXowDxnld4bkQB00cc/1Zw9AWnC0i9ztDJitivtQvaI9KaLyKrc+hBW0yg==}
    engines: {node: '>=8'}

  fsevents@2.3.3:
    resolution: {integrity: sha512-5xoDfX+fL7faATnagmWPpbFtwh/R77WmMMqqHGS65C3vvB0YHrgF+B1YmZ3441tMj5n63k0212XNoJwzlhffQw==}
    engines: {node: ^8.16.0 || ^10.6.0 || >=11.0.0}
    os: [darwin]

  glob-parent@5.1.2:
    resolution: {integrity: sha512-AOIgSQCepiJYwP3ARnGx+5VnTu2HBYdzbGP45eLw1vr3zB3vZLeyed1sC9hnbcOc9/SrMyM5RPQrkGz4aS9Zow==}
    engines: {node: '>= 6'}

  he@1.2.0:
    resolution: {integrity: sha512-F/1DnUGPopORZi0ni+CvrCgHQ5FyEAHRLSApuYWMmrbSwoN2Mn/7k+Gl38gJnR7yyDZk6WLXwiGod1JOWNDKGw==}
    hasBin: true

  htmljs-parser@5.13.0:
    resolution: {integrity: sha512-utBMB1wGNNovgi1Bq//CfSg9LZ2SF6kfMHrfVy+d2RqwdAeVbzOFblXkdqycG+SbFGGUafbPuWy7/83s10ApfA==}

  htmlparser2@10.1.0:
    resolution: {integrity: sha512-VTZkM9GWRAtEpveh7MSF6SjjrpNVNNVJfFup7xTY3UpFtm67foy9HDVXneLtFVt4pMz5kZtgNcvCniNFb1hlEQ==}

  is-extglob@2.1.1:
    resolution: {integrity: sha512-SbKbANkN603Vi4jEZv49LeVJMn4yGwsbzZworEoyEiutsN3nJYdbO36zfhGJ6QEDpOZIFkDtnq5JRxmvl3jsoQ==}
    engines: {node: '>=0.10.0'}

  is-glob@4.0.3:
    resolution: {integrity: sha512-xelSayHH36ZgE7ZWhli7pW34hNbNl8Ojv5KVmkJD4hBdD3th8Tfk9vYasLM+mXWOZhFkgZfxhLSnrwRr4elSSg==}
    engines: {node: '>=0.10.0'}

  is-number@7.0.0:
    resolution: {integrity: sha512-41Cifkg6e8TylSpdtTpeLVMqvSBEVzTttHvERD741+pnZ8ANv0004MRL43QKPDlK9cGvNp6NZWZUBlbGXYxxng==}
    engines: {node: '>=0.12.0'}

  jsesc@3.1.0:
    resolution: {integrity: sha512-/sM3dO2FOzXjKQhJuo0Q173wf2KOo8t4I8vHy6lF9poUp7bKT0/NHE8fPX23PwfhnykfqnC2xRxOnVw5XuGIaA==}
    engines: {node: '>=6'}
    hasBin: true

  kleur@4.1.5:
    resolution: {integrity: sha512-o+NO+8WrRiQEE4/7nwRJhN1HWpVmJm511pBHUxPLtp0BUISzlBplORYSmTclCnJvQq2tKu/sgl3xVpkc7ZWuQQ==}
    engines: {node: '>=6'}

  lasso-caching-fs@1.0.2:
    resolution: {integrity: sha512-mudop0s8U3tLm3Fn9lhiZsiELpLeJToEo6RlDLdph7vWRxL9Sz0o+9WUw1IwlpCYXv/P0CLsMYWFgPwIKWEYvg==}

  lasso-package-root@1.0.1:
    resolution: {integrity: sha512-j6LnauNCldqSDvOxoKpD6sTzudPGMiwcZQbySoF9KvJ0lD9Dp2t6QZF8kC0jbUDHuQPiAo5RuQ/mC3AGXscUYA==}

  lightningcss-android-arm64@1.33.0:
    resolution: {integrity: sha512-gEpRTalKdosp4Bb8qWtc2iOgE5SeIHlpS1up9bFq2wAyYhl1UdTObYiHe98zEM9SQvSoqQZ1IQD0JNpg3Ml5pg==}
    engines: {node: '>= 12.0.0'}
    cpu: [arm64]
    os: [android]

  lightningcss-darwin-arm64@1.33.0:
    resolution: {integrity: sha512-Sciaz8eenNTKn9b3t7+xr0ipTp9YxKQY4npwQ3mrRuL0BAVHBLyZxofhaKBAVtzmtRZ/zTyo0/to4B1uWG/Djg==}
    engines: {node: '>= 12.0.0'}
    cpu: [arm64]
    os: [darwin]

  lightningcss-darwin-x64@1.33.0:
    resolution: {integrity: sha512-Z5UPAxzrjlWNNyGy6i65cJzzvgJ5D3T6wMvs+gWpY9d7qRhANrxqAp6LhxIgZhWEw18RfJTGcRxjuLIBr+m8XQ==}
    engines: {node: '>= 12.0.0'}
    cpu: [x64]
    os: [darwin]

  lightningcss-freebsd-x64@1.33.0:
    resolution: {integrity: sha512-QQM/Ti/hQajJwCY+RiWuCZ9sdtI/XQk7nDK5vC8kkdwixezOlDgvDx7+RT+QjK6FcFT4MpsuoBnHIo/O3StRRg==}
    engines: {node: '>= 12.0.0'}
    cpu: [x64]
    os: [freebsd]

  lightningcss-linux-arm-gnueabihf@1.33.0:
    resolution: {integrity: sha512-N7FVBe6iS24MlM6R/4RBTxGhQheZGs7tiQ9U32UtF75NzP5Q7xWPRqLBCKxlRQRk3rY1jCIPLzx7WzOhuUIRLQ==}
    engines: {node: '>= 12.0.0'}
    cpu: [arm]
    os: [linux]

  lightningcss-linux-arm64-gnu@1.33.0:
    resolution: {integrity: sha512-j2v/itmy4HlNxlc6voKXYgBqNi0Ng2LShg4z7GufpEgs05P+2suBVyi9I6YHq5uoVFx9ETin3eCEhLVyXGQnKg==}
    engines: {node: '>= 12.0.0'}
    cpu: [arm64]
    os: [linux]
    libc: [glibc]

  lightningcss-linux-arm64-musl@1.33.0:
    resolution: {integrity: sha512-yiO5ROMuYQgXbC60yjZU5CYSFZGKXL0HFATXt9mHJn1+zW55oCtMI9NfcVhYLMFDL7gV7oBPon/EmMMGg2OvtQ==}
    engines: {node: '>= 12.0.0'}
    cpu: [arm64]
    os: [linux]
    libc: [musl]

  lightningcss-linux-x64-gnu@1.33.0:
    resolution: {integrity: sha512-ar+Ju7LmcN0Jo4FpL4hpFybwNG9/3A/Br5KW2n2jyODg3MEZXaDYADdemoNS+BDNfMgKvylJLj4S5tyRActuAg==}
    engines: {node: '>= 12.0.0'}
    cpu: [x64]
    os: [linux]
    libc: [glibc]

  lightningcss-linux-x64-musl@1.33.0:
    resolution: {integrity: sha512-RYiYbkokw0trfKqqzfF55lginwEPrD3OJDfTuJzFs1MK6iFnDenaz1fqLLtX4ITG3OktJQXOeTaw1awrBAlZPw==}
    engines: {node: '>= 12.0.0'}
    cpu: [x64]
    os: [linux]
    libc: [musl]

  lightningcss-win32-arm64-msvc@1.33.0:
    resolution: {integrity: sha512-1K+MPfLSFVpphzpdbfkhlWk6wBrTObBzS2T6db10PNOZgR9GoVsAWzwNyuhUYYbTp23j+4RrncfujZ4uAzXvwA==}
    engines: {node: '>= 12.0.0'}
    cpu: [arm64]
    os: [win32]

  lightningcss-win32-x64-msvc@1.33.0:
    resolution: {integrity: sha512-OlEICDx/Xl0FqSp4bry8zFnCvGpig3Gl4gCquvYwHuqJKEC1+n9NgDniFvqHGmMv1ZkqDJrDqKKSykTDX+ehuA==}
    engines: {node: '>= 12.0.0'}
    cpu: [x64]
    os: [win32]

  lightningcss@1.33.0:
    resolution: {integrity: sha512-WkUDrojuJs0xkgGf2udWxa3yGBRxPtxUkB79i6aCZLRgc7PM8fZe9TosfPDcvEpQZbuFASnHYmRLBLUbmLOIIA==}
    engines: {node: '>= 12.0.0'}

  magic-string@0.30.21:
    resolution: {integrity: sha512-vd2F4YUyEXKGcLHoq+TEyCjxueSeHnFxyyjNp80yg0XV4vUhnDer/lvvlqM/arB5bXQN5K2/3oinyCRyx8T2CQ==}

  marko@6.3.34:
    resolution: {integrity: sha512-EyaQ6xdwR3lR137Zo80PNm4Zmmo3QcPoFALnPI8R49n1iqqfyCwtpFco/Tnv30AjIm6ILNpqu8CZP/zXjJhdkQ==}
    engines: {node: '>=22'}

  merge2@1.4.1:
    resolution: {integrity: sha512-8q7VEgMJW4J8tcfVPy8g09NcQwZdbwFEqhe/WZkoIzjn/3TGDwtOCYtXGxA3O8tPzpczCCDgv+P2P5y00ZJOOg==}
    engines: {node: '>= 8'}

  micromatch@4.0.8:
    resolution: {integrity: sha512-PXwfBhYu0hBCPw8Dn0E+WDYb7af3dSLVWKi3HGv84IdF4TyFoC0ysxFd0Goxw7nSv4T/PzEJQxsYsEiFCKo2BA==}
    engines: {node: '>=8.6'}

  nanoid@3.3.18:
    resolution: {integrity: sha512-DTg4MJbGMWkfi6VZFdNt2/caMbQy4Ou+Op/hJQvGEWcnVfoA1QA+xzRKAzw9jD6+GVOOeYr/mIcuDSdug6F6+w==}
    engines: {node: ^10 || ^12 || ^13.7 || ^14 || >=15.0.1}
    hasBin: true

  normalize-path@3.0.0:
    resolution: {integrity: sha512-6eZs5Ls3WtCisHWp9S2GUy8dqkpGi4BVSz3GaqiE6ezub0512ESztXUwUB6C6IKbQkY2Pnb/mD4WYojCRwcwLA==}
    engines: {node: '>=0.10.0'}

  oxc-parser@0.8.0:
    resolution: {integrity: sha512-ObPeMkbDX7igb7NyyAC8CbVC3fY+YmlMsxsRQ2oyFBkpQtI5tjoyqSDKbS9A9EcJvt2q89C4UoC+HjVBdLYYJg==}

  picocolors@1.1.1:
    resolution: {integrity: sha512-xceH2snhtb5M9liqDsmEw56le376mTZkEX/jEb/RxNFyegNul7eNslCXP9FDj/Lcu0X8KEyMceP2ntpaHrDEVA==}

  picomatch@2.3.2:
    resolution: {integrity: sha512-V7+vQEJ06Z+c5tSye8S+nHUfI51xoXIXjHQ99cQtKUkQqqO1kO/KCJUfZXuB47h/YBlDhah2H3hdUGXn8ie0oA==}
    engines: {node: '>=8.6'}

  picomatch@4.0.5:
    resolution: {integrity: sha512-RvwwcruNjI1ncT5xRakeyS9Lf8lcItv34KD+aif+VH9kduAyfYBipGh12274xtenIPZ119/R9BdTBa8gAwSh0A==}
    engines: {node: '>=12'}

  postcss@8.5.26:
    resolution: {integrity: sha512-u82N74LFzG8ca+dD8puPnplTXoGH4fTPpVGuIbt36G3qvNlkvfD0lEAZSxaly3KX8TS/L1A1gsCEmvKmBcVbkQ==}
    engines: {node: ^10 || ^12 || >=14}

  queue-microtask@1.2.3:
    resolution: {integrity: sha512-NuaNSa6flKT5JaSYQzJok04JzTL1CA6aGhv5rfLW3PgqA+M2ChpZQnAC8h8i4ZFkBS8X5RqkDBHA7r4hej3K9A==}

  raptor-async@1.1.3:
    resolution: {integrity: sha512-VZCxygWMjW9lKqnApK9D2QbfyzRn7ehiTqnXWwMCLBXANSy+xbnYfbX/5f8YX3bZXu+g+JESmqWPchIQrZj2ig==}

  raptor-regexp@1.0.1:
    resolution: {integrity: sha512-DqC7ViHJUs3jLIxJI1/HVvCu3yPJaP8CM7PGsHvjimg7yJ3lLOdCBxlPE0G2Q8OJgUA8Pe7nvhm6lcQ3hZepow==}

  raptor-util@3.2.0:
    resolution: {integrity: sha512-uEDMMkBCJvjTqYMBnJNxn+neiS6a0rhybQNA9RaexGor1uvKjwyHA5VcbZMZEuqXhKUWbL+WNS7PhuZVZNB7pw==}

  relative-import-path@1.0.1:
    resolution: {integrity: sha512-mLABwLdOB694B3BW3bNlLOJsWCDhFRBn4BW+gkhILZXJFaymkQWDZom+3qOGYFpbN9K8eeQx8lsy2N+SX/qncQ==}

  resolve-from@5.0.0:
    resolution: {integrity: sha512-qYg9KP24dD5qka9J47d0aVky0N+b4fTU89LN9iDnjB5waksiC49rvMB0PrUJQGoTmH50XPiqOvAjDfaijGxYZw==}
    engines: {node: '>=8'}

  resolve-sync@1.2.2:
    resolution: {integrity: sha512-qq4M0+Gxgiohxw0MUYprQiNWzYKMqCvVgpZO0Imwd1TttPIWT9NxUco8UUtIiRpiJpHPWRhhYIaiuo7EYBcv5Q==}

  resolve.exports@2.0.3:
    resolution: {integrity: sha512-OcXjMsGdhL4XnbShKpAcSqPMzQoYkYyhbEaeSko47MjRP9NfEQMhZkXL1DoFlt9LWQn4YttrdnV6X2OiyzBi+A==}
    engines: {node: '>=10'}

  reusify@1.1.0:
    resolution: {integrity: sha512-g6QUff04oZpHs0eG5p83rFLhHeV00ug/Yf9nZM6fLeUrPguBTkTQOdpAWWspMh55TZfVQDPaN3NQJfbVRAxdIw==}
    engines: {iojs: '>=1.0.0', node: '>=0.10.0'}

  rolldown@1.2.3:
    resolution: {integrity: sha512-rn9wpmxplLf7NLNyCk9FyWh3FM43DbY8jOzCdEPzH7uflhTftRbCEpqi6Ly2osgoU8OwObtmavMbWLaWy4LX7A==}
    engines: {node: ^20.19.0 || >=22.12.0}
    hasBin: true

  run-parallel@1.2.0:
    resolution: {integrity: sha512-5l4VyZR86LZ/lDxZTR6jqL8AFE2S0IFLMP26AbjsLVADxHdhB/c0GUsH+y39UfCi3dzz8OlQuPmnaJOMoDHQBA==}

  self-closing-tags@1.0.1:
    resolution: {integrity: sha512-7t6hNbYMxM+VHXTgJmxwgZgLGktuXtVVD5AivWzNTdJBM4DBjnDKDzkf2SrNjihaArpeJYNjxkELBu1evI4lQA==}
    engines: {node: '>=0.12.0'}

  source-map-js@1.2.1:
    resolution: {integrity: sha512-UXWMKhLOwVKb728IUtQPXxfYU+usdybtUrK/8uGE8CQMvrhOpwvzDBwj0QhSL7MQc7vIsISBG8VQ8+IDQxpfQA==}
    engines: {node: '>=0.10.0'}

  source-map-support@0.5.21:
    resolution: {integrity: sha512-uBHU3L3czsIyYXKX88fdrGovxdSCoTGDRZ6SYXtSRxLZUzHg5P/66Ht6uoUlHu9EZod+inXhKo3qQgwXUT/y1w==}

  source-map@0.6.1:
    resolution: {integrity: sha512-UjgapumWlbMhkBgzT7Ykc5YXUT46F0iKu8SGXq0bcwP5dz/h0Plj6enJqjz1Zbq2l5WaqYnrVbwWOWMyF3F47g==}
    engines: {node: '>=0.10.0'}

  stackframe@1.3.4:
    resolution: {integrity: sha512-oeVtt7eWQS+Na6F//S4kJ2K2VbRlS9D43mAlMyVpVWovy9o+jfgH8O9agzANzaiLjclA0oYzUXEM4PurhSUChw==}

  tinyglobby@0.2.17:
    resolution: {integrity: sha512-wXR/dYpcqKmfWpEdZjiKJOwCNFndD0DMnrW/cYjVGttEkBfVgcLFHoNrlj47mjOVic9yyNu65alsgF4NQyTa2g==}
    engines: {node: '>=12.0.0'}

  to-regex-range@5.0.1:
    resolution: {integrity: sha512-65P7iz6X5yEr1cwcgvQxbbIw7Uk3gOy5dIdtZ4rDveLqhrdJP+Li/Hx6tyK0NEb+2GCyneCMJiGqrADCSNk8sQ==}
    engines: {node: '>=8.0'}

  vite@8.2.1:
    resolution: {integrity: sha512-EU/eS7BH3XROHh2YnBefjM6DBKA6ZeMZEYQbj7NLWg5wHYlhB8B/Mayd5XsgWq+NFYccDOTemRpdETWR6Ka/lw==}
    engines: {node: ^20.19.0 || >=22.12.0}
    hasBin: true
    peerDependencies:
      '@types/node': ^20.19.0 || >=22.12.0
      '@vitejs/devtools': ^0.4.0
      esbuild: ^0.27.0 || ^0.28.0
      jiti: '>=1.21.0'
      less: ^4.0.0
      sass: ^1.70.0
      sass-embedded: ^1.70.0
      stylus: '>=0.54.8'
      sugarss: ^5.0.0
      terser: ^5.16.0
      tsx: ^4.8.1
      yaml: ^2.4.2
    peerDependenciesMeta:
      '@types/node':
        optional: true
      '@vitejs/devtools':
        optional: true
      esbuild:
        optional: true
      jiti:
        optional: true
      less:
        optional: true
      sass:
        optional: true
      sass-embedded:
        optional: true
      stylus:
        optional: true
      sugarss:
        optional: true
      terser:
        optional: true
      tsx:
        optional: true
      yaml:
        optional: true

snapshots:

  '@chialab/estransform@0.19.1':
    dependencies:
      '@napi-rs/magic-string': 0.3.4
      '@parcel/source-map': 2.1.1
      cjs-module-lexer: 1.4.3
      es-module-lexer: 1.7.0
      oxc-parser: 0.8.0

  '@jridgewell/sourcemap-codec@1.5.5': {}

  '@luxass/strip-json-comments@2.0.1': {}

  '@marko/compiler@5.41.18':
    dependencies:
      '@luxass/strip-json-comments': 2.0.1
      complain: 1.6.1
      he: 1.2.0
      htmljs-parser: 5.13.0
      jsesc: 3.1.0
      kleur: 4.1.5
      lasso-package-root: 1.0.1
      magic-string: 0.30.21
      raptor-regexp: 1.0.1
      raptor-util: 3.2.0
      relative-import-path: 1.0.1
      resolve-from: 5.0.0
      self-closing-tags: 1.0.1
      source-map-support: 0.5.21

  '@marko/vite@6.1.9(@marko/compiler@5.41.18)(vite@8.2.1)':
    dependencies:
      '@chialab/estransform': 0.19.1
      '@marko/compiler': 5.41.18
      anymatch: 3.1.3
      domelementtype: 2.3.0
      domhandler: 5.0.3
      fast-glob: 3.3.3
      htmljs-parser: 5.13.0
      htmlparser2: 10.1.0
      relative-import-path: 1.0.1
      resolve-sync: 1.2.2
      resolve.exports: 2.0.3
      vite: 8.2.1

  '@napi-rs/magic-string-android-arm-eabi@0.3.4':
    optional: true

  '@napi-rs/magic-string-android-arm64@0.3.4':
    optional: true

  '@napi-rs/magic-string-darwin-arm64@0.3.4':
    optional: true

  '@napi-rs/magic-string-darwin-x64@0.3.4':
    optional: true

  '@napi-rs/magic-string-freebsd-x64@0.3.4':
    optional: true

  '@napi-rs/magic-string-linux-arm-gnueabihf@0.3.4':
    optional: true

  '@napi-rs/magic-string-linux-arm64-gnu@0.3.4':
    optional: true

  '@napi-rs/magic-string-linux-arm64-musl@0.3.4':
    optional: true

  '@napi-rs/magic-string-linux-x64-gnu@0.3.4':
    optional: true

  '@napi-rs/magic-string-linux-x64-musl@0.3.4':
    optional: true

  '@napi-rs/magic-string-win32-arm64-msvc@0.3.4':
    optional: true

  '@napi-rs/magic-string-win32-ia32-msvc@0.3.4':
    optional: true

  '@napi-rs/magic-string-win32-x64-msvc@0.3.4':
    optional: true

  '@napi-rs/magic-string@0.3.4':
    optionalDependencies:
      '@napi-rs/magic-string-android-arm-eabi': 0.3.4
      '@napi-rs/magic-string-android-arm64': 0.3.4
      '@napi-rs/magic-string-darwin-arm64': 0.3.4
      '@napi-rs/magic-string-darwin-x64': 0.3.4
      '@napi-rs/magic-string-freebsd-x64': 0.3.4
      '@napi-rs/magic-string-linux-arm-gnueabihf': 0.3.4
      '@napi-rs/magic-string-linux-arm64-gnu': 0.3.4
      '@napi-rs/magic-string-linux-arm64-musl': 0.3.4
      '@napi-rs/magic-string-linux-x64-gnu': 0.3.4
      '@napi-rs/magic-string-linux-x64-musl': 0.3.4
      '@napi-rs/magic-string-win32-arm64-msvc': 0.3.4
      '@napi-rs/magic-string-win32-ia32-msvc': 0.3.4
      '@napi-rs/magic-string-win32-x64-msvc': 0.3.4

  '@nodelib/fs.scandir@2.1.5':
    dependencies:
      '@nodelib/fs.stat': 2.0.5
      run-parallel: 1.2.0

  '@nodelib/fs.stat@2.0.5': {}

  '@nodelib/fs.walk@1.2.8':
    dependencies:
      '@nodelib/fs.scandir': 2.1.5
      fastq: 1.20.1

  '@oxc-parser/binding-darwin-arm64@0.8.0':
    optional: true

  '@oxc-parser/binding-darwin-x64@0.8.0':
    optional: true

  '@oxc-parser/binding-linux-arm64-gnu@0.8.0':
    optional: true

  '@oxc-parser/binding-linux-arm64-musl@0.8.0':
    optional: true

  '@oxc-parser/binding-linux-x64-gnu@0.8.0':
    optional: true

  '@oxc-parser/binding-linux-x64-musl@0.8.0':
    optional: true

  '@oxc-parser/binding-win32-arm64-msvc@0.8.0':
    optional: true

  '@oxc-parser/binding-win32-x64-msvc@0.8.0':
    optional: true

  '@oxc-project/types@0.143.0': {}

  '@parcel/source-map@2.1.1':
    dependencies:
      detect-libc: 1.0.3

  '@rolldown/binding-android-arm64@1.2.3':
    optional: true

  '@rolldown/binding-darwin-arm64@1.2.3':
    optional: true

  '@rolldown/binding-darwin-x64@1.2.3':
    optional: true

  '@rolldown/binding-freebsd-x64@1.2.3':
    optional: true

  '@rolldown/binding-linux-arm-gnueabihf@1.2.3':
    optional: true

  '@rolldown/binding-linux-arm64-gnu@1.2.3':
    optional: true

  '@rolldown/binding-linux-arm64-musl@1.2.3':
    optional: true

  '@rolldown/binding-linux-ppc64-gnu@1.2.3':
    optional: true

  '@rolldown/binding-linux-s390x-gnu@1.2.3':
    optional: true

  '@rolldown/binding-linux-x64-gnu@1.2.3':
    optional: true

  '@rolldown/binding-linux-x64-musl@1.2.3':
    optional: true

  '@rolldown/binding-openharmony-arm64@1.2.3':
    optional: true

  '@rolldown/binding-win32-arm64-msvc@1.2.3':
    optional: true

  '@rolldown/binding-win32-x64-msvc@1.2.3':
    optional: true

  '@rolldown/pluginutils@1.0.1': {}

  anymatch@3.1.3:
    dependencies:
      normalize-path: 3.0.0
      picomatch: 2.3.2

  braces@3.0.3:
    dependencies:
      fill-range: 7.1.1

  buffer-from@1.1.2: {}

  cjs-module-lexer@1.4.3: {}

  complain@1.6.1:
    dependencies:
      error-stack-parser: 2.1.4

  csstype@3.2.3: {}

  detect-libc@1.0.3: {}

  detect-libc@2.1.2: {}

  dom-serializer@2.0.0:
    dependencies:
      domelementtype: 2.3.0
      domhandler: 5.0.3
      entities: 4.5.0

  domelementtype@2.3.0: {}

  domhandler@5.0.3:
    dependencies:
      domelementtype: 2.3.0

  domutils@3.2.2:
    dependencies:
      dom-serializer: 2.0.0
      domelementtype: 2.3.0
      domhandler: 5.0.3

  entities@4.5.0: {}

  entities@7.0.1: {}

  error-stack-parser@2.1.4:
    dependencies:
      stackframe: 1.3.4

  es-module-lexer@1.7.0: {}

  fast-glob@3.3.3:
    dependencies:
      '@nodelib/fs.stat': 2.0.5
      '@nodelib/fs.walk': 1.2.8
      glob-parent: 5.1.2
      merge2: 1.4.1
      micromatch: 4.0.8

  fastest-levenshtein@1.0.16: {}

  fastq@1.20.1:
    dependencies:
      reusify: 1.1.0

  fdir@6.5.0(picomatch@4.0.5):
    optionalDependencies:
      picomatch: 4.0.5

  fill-range@7.1.1:
    dependencies:
      to-regex-range: 5.0.1

  fsevents@2.3.3:
    optional: true

  glob-parent@5.1.2:
    dependencies:
      is-glob: 4.0.3

  he@1.2.0: {}

  htmljs-parser@5.13.0: {}

  htmlparser2@10.1.0:
    dependencies:
      domelementtype: 2.3.0
      domhandler: 5.0.3
      domutils: 3.2.2
      entities: 7.0.1

  is-extglob@2.1.1: {}

  is-glob@4.0.3:
    dependencies:
      is-extglob: 2.1.1

  is-number@7.0.0: {}

  jsesc@3.1.0: {}

  kleur@4.1.5: {}

  lasso-caching-fs@1.0.2:
    dependencies:
      raptor-async: 1.1.3

  lasso-package-root@1.0.1:
    dependencies:
      lasso-caching-fs: 1.0.2

  lightningcss-android-arm64@1.33.0:
    optional: true

  lightningcss-darwin-arm64@1.33.0:
    optional: true

  lightningcss-darwin-x64@1.33.0:
    optional: true

  lightningcss-freebsd-x64@1.33.0:
    optional: true

  lightningcss-linux-arm-gnueabihf@1.33.0:
    optional: true

  lightningcss-linux-arm64-gnu@1.33.0:
    optional: true

  lightningcss-linux-arm64-musl@1.33.0:
    optional: true

  lightningcss-linux-x64-gnu@1.33.0:
    optional: true

  lightningcss-linux-x64-musl@1.33.0:
    optional: true

  lightningcss-win32-arm64-msvc@1.33.0:
    optional: true

  lightningcss-win32-x64-msvc@1.33.0:
    optional: true

  lightningcss@1.33.0:
    dependencies:
      detect-libc: 2.1.2
    optionalDependencies:
      lightningcss-android-arm64: 1.33.0
      lightningcss-darwin-arm64: 1.33.0
      lightningcss-darwin-x64: 1.33.0
      lightningcss-freebsd-x64: 1.33.0
      lightningcss-linux-arm-gnueabihf: 1.33.0
      lightningcss-linux-arm64-gnu: 1.33.0
      lightningcss-linux-arm64-musl: 1.33.0
      lightningcss-linux-x64-gnu: 1.33.0
      lightningcss-linux-x64-musl: 1.33.0
      lightningcss-win32-arm64-msvc: 1.33.0
      lightningcss-win32-x64-msvc: 1.33.0

  magic-string@0.30.21:
    dependencies:
      '@jridgewell/sourcemap-codec': 1.5.5

  marko@6.3.34:
    dependencies:
      '@marko/compiler': 5.41.18
      csstype: 3.2.3
      fastest-levenshtein: 1.0.16
      magic-string: 0.30.21

  merge2@1.4.1: {}

  micromatch@4.0.8:
    dependencies:
      braces: 3.0.3
      picomatch: 2.3.2

  nanoid@3.3.18: {}

  normalize-path@3.0.0: {}

  oxc-parser@0.8.0:
    optionalDependencies:
      '@oxc-parser/binding-darwin-arm64': 0.8.0
      '@oxc-parser/binding-darwin-x64': 0.8.0
      '@oxc-parser/binding-linux-arm64-gnu': 0.8.0
      '@oxc-parser/binding-linux-arm64-musl': 0.8.0
      '@oxc-parser/binding-linux-x64-gnu': 0.8.0
      '@oxc-parser/binding-linux-x64-musl': 0.8.0
      '@oxc-parser/binding-win32-arm64-msvc': 0.8.0
      '@oxc-parser/binding-win32-x64-msvc': 0.8.0

  picocolors@1.1.1: {}

  picomatch@2.3.2: {}

  picomatch@4.0.5: {}

  postcss@8.5.26:
    dependencies:
      nanoid: 3.3.18
      picocolors: 1.1.1
      source-map-js: 1.2.1

  queue-microtask@1.2.3: {}

  raptor-async@1.1.3: {}

  raptor-regexp@1.0.1: {}

  raptor-util@3.2.0: {}

  relative-import-path@1.0.1: {}

  resolve-from@5.0.0: {}

  resolve-sync@1.2.2:
    dependencies:
      resolve.exports: 2.0.3

  resolve.exports@2.0.3: {}

  reusify@1.1.0: {}

  rolldown@1.2.3:
    dependencies:
      '@oxc-project/types': 0.143.0
      '@rolldown/pluginutils': 1.0.1
    optionalDependencies:
      '@rolldown/binding-android-arm64': 1.2.3
      '@rolldown/binding-darwin-arm64': 1.2.3
      '@rolldown/binding-darwin-x64': 1.2.3
      '@rolldown/binding-freebsd-x64': 1.2.3
      '@rolldown/binding-linux-arm-gnueabihf': 1.2.3
      '@rolldown/binding-linux-arm64-gnu': 1.2.3
      '@rolldown/binding-linux-arm64-musl': 1.2.3
      '@rolldown/binding-linux-ppc64-gnu': 1.2.3
      '@rolldown/binding-linux-s390x-gnu': 1.2.3
      '@rolldown/binding-linux-x64-gnu': 1.2.3
      '@rolldown/binding-linux-x64-musl': 1.2.3
      '@rolldown/binding-openharmony-arm64': 1.2.3
      '@rolldown/binding-win32-arm64-msvc': 1.2.3
      '@rolldown/binding-win32-x64-msvc': 1.2.3

  run-parallel@1.2.0:
    dependencies:
      queue-microtask: 1.2.3

  self-closing-tags@1.0.1: {}

  source-map-js@1.2.1: {}

  source-map-support@0.5.21:
    dependencies:
      buffer-from: 1.1.2
      source-map: 0.6.1

  source-map@0.6.1: {}

  stackframe@1.3.4: {}

  tinyglobby@0.2.17:
    dependencies:
      fdir: 6.5.0(picomatch@4.0.5)
      picomatch: 4.0.5

  to-regex-range@5.0.1:
    dependencies:
      is-number: 7.0.0

  vite@8.2.1:
    dependencies:
      lightningcss: 1.33.0
      picomatch: 4.0.5
      postcss: 8.5.26
      rolldown: 1.2.3
      tinyglobby: 0.2.17
    optionalDependencies:
      fsevents: 2.3.3
